// !$*UTF8*$!
{
	archiveVersion = 1;
	classes = {
	};
	objectVersion = 56;
	objects = {

/* Begin PBXBuildFile section */
		4905E41F2986756000CC2B91 /* FirebaseAuth in Frameworks */ = {isa = PBXBuildFile; productRef = 4905E41E2986756000CC2B91 /* FirebaseAuth */; };
		4905E4212986756000CC2B91 /* FirebaseFirestore in Frameworks */ = {isa = PBXBuildFile; productRef = 4905E4202986756000CC2B91 /* FirebaseFirestore */; };
		4905E4232986761400CC2B91 /* GoogleService-Info.plist in Resources */ = {isa = PBXBuildFile; fileRef = 4905E4222986761400CC2B91 /* GoogleService-Info.plist */; };
		491A93CC2998C26600E62D00 /* viewStruct.swift in Sources */ = {isa = PBXBuildFile; fileRef = 491A93CB2998C26600E62D00 /* viewStruct.swift */; };
		4937B317296F741400B85BFF /* cellStruct.swift in Sources */ = {isa = PBXBuildFile; fileRef = 4937B316296F741400B85BFF /* cellStruct.swift */; };
		49A500AA298D266200572FEC /* MainWindowController.swift in Sources */ = {isa = PBXBuildFile; fileRef = 49A500A9298D266200572FEC /* MainWindowController.swift */; };
		49A500AC298D270900572FEC /* signUpVC.swift in Sources */ = {isa = PBXBuildFile; fileRef = 49A500AB298D270900572FEC /* signUpVC.swift */; };
		49A500AF298E4A5500572FEC /* loginVC.swift in Sources */ = {isa = PBXBuildFile; fileRef = 49A500AD298E4A5500572FEC /* loginVC.swift */; };
		49A500B4299122DC00572FEC /* copiedDocStruct.swift in Sources */ = {isa = PBXBuildFile; fileRef = 49A500B3299122DC00572FEC /* copiedDocStruct.swift */; };
		49A500B82993841000572FEC /* AssetFile.xcassets in Resources */ = {isa = PBXBuildFile; fileRef = 49A500B72993841000572FEC /* AssetFile.xcassets */; };
		49D7B96529684D0600913ADA /* AppDelegate.swift in Sources */ = {isa = PBXBuildFile; fileRef = 49D7B96429684D0600913ADA /* AppDelegate.swift */; };
		49D7B96729684D0600913ADA /* mainVC.swift in Sources */ = {isa = PBXBuildFile; fileRef = 49D7B96629684D0600913ADA /* mainVC.swift */; };
		49D7B96C29684D0800913ADA /* Assets.xcassets in Resources */ = {isa = PBXBuildFile; fileRef = 49D7B96B29684D0800913ADA /* Assets.xcassets */; };
		49D7B96F29684D0800913ADA /* Main.storyboard in Resources */ = {isa = PBXBuildFile; fileRef = 49D7B96D29684D0800913ADA /* Main.storyboard */; };
/* End PBXBuildFile section */

/* Begin PBXFileReference section */
		4905E4222986761400CC2B91 /* GoogleService-Info.plist */ = {isa = PBXFileReference; fileEncoding = 4; lastKnownFileType = text.plist.xml; path = "GoogleService-Info.plist"; sourceTree = "<group>"; };
		491A93CB2998C26600E62D00 /* viewStruct.swift */ = {isa = PBXFileReference; lastKnownFileType = sourcecode.swift; path = viewStruct.swift; sourceTree = "<group>"; };
		4937B316296F741400B85BFF /* cellStruct.swift */ = {isa = PBXFileReference; lastKnownFileType = sourcecode.swift; path = cellStruct.swift; sourceTree = "<group>"; };
		49A500A9298D266200572FEC /* MainWindowController.swift */ = {isa = PBXFileReference; lastKnownFileType = sourcecode.swift; path = MainWindowController.swift; sourceTree = "<group>"; };
		49A500AB298D270900572FEC /* signUpVC.swift */ = {isa = PBXFileReference; lastKnownFileType = sourcecode.swift; path = signUpVC.swift; sourceTree = "<group>"; };
		49A500AD298E4A5500572FEC /* loginVC.swift */ = {isa = PBXFileReference; lastKnownFileType = sourcecode.swift; path = loginVC.swift; sourceTree = "<group>"; };
		49A500B3299122DC00572FEC /* copiedDocStruct.swift */ = {isa = PBXFileReference; lastKnownFileType = sourcecode.swift; path = copiedDocStruct.swift; sourceTree = "<group>"; };
		49A500B72993841000572FEC /* AssetFile.xcassets */ = {isa = PBXFileReference; lastKnownFileType = folder.assetcatalog; path = AssetFile.xcassets; sourceTree = "<group>"; };
		49D7B96129684D0600913ADA /* ClipApp.app */ = {isa = PBXFileReference; explicitFileType = wrapper.application; includeInIndex = 0; path = ClipApp.app; sourceTree = BUILT_PRODUCTS_DIR; };
		49D7B96429684D0600913ADA /* AppDelegate.swift */ = {isa = PBXFileReference; lastKnownFileType = sourcecode.swift; path = AppDelegate.swift; sourceTree = "<group>"; };
		49D7B96629684D0600913ADA /* mainVC.swift */ = {isa = PBXFileReference; lastKnownFileType = sourcecode.swift; path = mainVC.swift; sourceTree = "<group>"; };
		49D7B96B29684D0800913ADA /* Assets.xcassets */ = {isa = PBXFileReference; lastKnownFileType = folder.assetcatalog; path = Assets.xcassets; sourceTree = "<group>"; };
		49D7B96E29684D0800913ADA /* Base */ = {isa = PBXFileReference; lastKnownFileType = file.storyboard; name = Base; path = Base.lproj/Main.storyboard; sourceTree = "<group>"; };
		49D7B97029684D0800913ADA /* ClipApp.entitlements */ = {isa = PBXFileReference; lastKnownFileType = text.plist.entitlements; path = ClipApp.entitlements; sourceTree = "<group>"; };
/* End PBXFileReference section */

/* Begin PBXFrameworksBuildPhase section */
		49D7B95E29684D0600913ADA /* Frameworks */ = {
			isa = PBXFrameworksBuildPhase;
			buildActionMask = 2147483647;
			files = (
				4905E41F2986756000CC2B91 /* FirebaseAuth in Frameworks */,
				4905E4212986756000CC2B91 /* FirebaseFirestore in Frameworks */,
			);
			runOnlyForDeploymentPostprocessing = 0;
		};
/* End PBXFrameworksBuildPhase section */

/* Begin PBXGroup section */
		4911458229992EFA00EFC464 /* Controllers */ = {
			isa = PBXGroup;
			children = (
				49A500A9298D266200572FEC /* MainWindowController.swift */,
				49A500AB298D270900572FEC /* signUpVC.swift */,
				49A500AD298E4A5500572FEC /* loginVC.swift */,
				49D7B96629684D0600913ADA /* mainVC.swift */,
			);
			path = Controllers;
			sourceTree = "<group>";
		};
		4911458329992F4300EFC464 /* Views */ = {
			isa = PBXGroup;
			children = (
				4937B316296F741400B85BFF /* cellStruct.swift */,
			);
			path = Views;
			sourceTree = "<group>";
		};
		49D7B95829684D0600913ADA = {
			isa = PBXGroup;
			children = (
				49D7B96329684D0600913ADA /* ClipApp */,
				49D7B96229684D0600913ADA /* Products */,
			);
			sourceTree = "<group>";
		};
		49D7B96229684D0600913ADA /* Products */ = {
			isa = PBXGroup;
			children = (
				49D7B96129684D0600913ADA /* ClipApp.app */,
			);
			name = Products;
			sourceTree = "<group>";
		};
		49D7B96329684D0600913ADA /* ClipApp */ = {
			isa = PBXGroup;
			children = (
				49D7B96429684D0600913ADA /* AppDelegate.swift */,
				49F486ED299E3ED0003A6C55 /* Models */,
				4911458329992F4300EFC464 /* Views */,
				4911458229992EFA00EFC464 /* Controllers */,
				49D7B96B29684D0800913ADA /* Assets.xcassets */,
				49A500B72993841000572FEC /* AssetFile.xcassets */,
				49D7B96D29684D0800913ADA /* Main.storyboard */,
				4905E4222986761400CC2B91 /* GoogleService-Info.plist */,
				49D7B97029684D0800913ADA /* ClipApp.entitlements */,
			);
			path = ClipApp;
			sourceTree = "<group>";
		};
		49F486ED299E3ED0003A6C55 /* Models */ = {
			isa = PBXGroup;
			children = (
				491A93CB2998C26600E62D00 /* viewStruct.swift */,
				49A500B3299122DC00572FEC /* copiedDocStruct.swift */,
			);
			path = Models;
			sourceTree = "<group>";
		};
/* End PBXGroup section */

/* Begin PBXNativeTarget section */
		49D7B96029684D0600913ADA /* ClipApp */ = {
			isa = PBXNativeTarget;
			buildConfigurationList = 49D7B97329684D0800913ADA /* Build configuration list for PBXNativeTarget "ClipApp" */;
			buildPhases = (
				49D7B95D29684D0600913ADA /* Sources */,
				49D7B95E29684D0600913ADA /* Frameworks */,
				49D7B95F29684D0600913ADA /* Resources */,
			);
			buildRules = (
			);
			dependencies = (
			);
			name = ClipApp;
			packageProductDependencies = (
				4905E41E2986756000CC2B91 /* FirebaseAuth */,
				4905E4202986756000CC2B91 /* FirebaseFirestore */,
			);
			productName = todolist;
			productReference = 49D7B96129684D0600913ADA /* ClipApp.app */;
			productType = "com.apple.product-type.application";
		};
/* End PBXNativeTarget section */

/* Begin PBXProject section */
		49D7B95929684D0600913ADA /* Project object */ = {
			isa = PBXProject;
			attributes = {
				BuildIndependentTargetsInParallel = 1;
				LastSwiftUpdateCheck = 1420;
				LastUpgradeCheck = 1420;
				TargetAttributes = {
					49D7B96029684D0600913ADA = {
						CreatedOnToolsVersion = 14.2;
					};
				};
			};
			buildConfigurationList = 49D7B95C29684D0600913ADA /* Build configuration list for PBXProject "ClipApp" */;
			compatibilityVersion = "Xcode 14.0";
			developmentRegion = en;
			hasScannedForEncodings = 0;
			knownRegions = (
				en,
				Base,
			);
			mainGroup = 49D7B95829684D0600913ADA;
			packageReferences = (
				4905E41D2986756000CC2B91 /* XCRemoteSwiftPackageReference "firebase-ios-sdk" */,
			);
			productRefGroup = 49D7B96229684D0600913ADA /* Products */;
			projectDirPath = "";
			projectRoot = "";
			targets = (
				49D7B96029684D0600913ADA /* ClipApp */,
			);
		};
/* End PBXProject section */

/* Begin PBXResourcesBuildPhase section */
		49D7B95F29684D0600913ADA /* Resources */ = {
			isa = PBXResourcesBuildPhase;
			buildActionMask = 2147483647;
			files = (
				49D7B96C29684D0800913ADA /* Assets.xcassets in Resources */,
				49D7B96F29684D0800913ADA /* Main.storyboard in Resources */,
				49A500B82993841000572FEC /* AssetFile.xcassets in Resources */,
				4905E4232986761400CC2B91 /* GoogleService-Info.plist in Resources */,
			);
			runOnlyForDeploymentPostprocessing = 0;
		};
/* End PBXResourcesBuildPhase section */

/* Begin PBXSourcesBuildPhase section */
		49D7B95D29684D0600913ADA /* Sources */ = {
			isa = PBXSourcesBuildPhase;
			buildActionMask = 2147483647;
			files = (
				4937B317296F741400B85BFF /* cellStruct.swift in Sources */,
				49A500AA298D266200572FEC /* MainWindowController.swift in Sources */,
				49A500AC298D270900572FEC /* signUpVC.swift in Sources */,
				49A500B4299122DC00572FEC /* copiedDocStruct.swift in Sources */,
				49A500AF298E4A5500572FEC /* loginVC.swift in Sources */,
				49D7B96729684D0600913ADA /* mainVC.swift in Sources */,
				49D7B96529684D0600913ADA /* AppDelegate.swift in Sources */,
				491A93CC2998C26600E62D00 /* viewStruct.swift in Sources */,
			);
			runOnlyForDeploymentPostprocessing = 0;
		};
/* End PBXSourcesBuildPhase section */

/* Begin PBXVariantGroup section */
		49D7B96D29684D0800913ADA /* Main.storyboard */ = {
			isa = PBXVariantGroup;
			children = (
				49D7B96E29684D0800913ADA /* Base */,
			);
			name = Main.storyboard;
			sourceTree = "<group>";
		};
/* End PBXVariantGroup section */

/* Begin XCBuildConfiguration section */
		49D7B97129684D0800913ADA /* Debug */ = {
			isa = XCBuildConfiguration;
			buildSettings = {
				ALWAYS_SEARCH_USER_PATHS = NO;
				CLANG_ANALYZER_NONNULL = YES;
				CLANG_ANALYZER_NUMBER_OBJECT_CONVERSION = YES_AGGRESSIVE;
				CLANG_CXX_LANGUAGE_STANDARD = "gnu++20";
				CLANG_ENABLE_MODULES = YES;
				CLANG_ENABLE_OBJC_ARC = YES;
				CLANG_ENABLE_OBJC_WEAK = YES;
				CLANG_WARN_BLOCK_CAPTURE_AUTORELEASING = YES;
				CLANG_WARN_BOOL_CONVERSION = YES;
				CLANG_WARN_COMMA = YES;
				CLANG_WARN_CONSTANT_CONVERSION = YES;
				CLANG_WARN_DEPRECATED_OBJC_IMPLEMENTATIONS = YES;
				CLANG_WARN_DIRECT_OBJC_ISA_USAGE = YES_ERROR;
				CLANG_WARN_DOCUMENTATION_COMMENTS = YES;
				CLANG_WARN_EMPTY_BODY = YES;
				CLANG_WARN_ENUM_CONVERSION = YES;
				CLANG_WARN_INFINITE_RECURSION = YES;
				CLANG_WARN_INT_CONVERSION = YES;
				CLANG_WARN_NON_LITERAL_NULL_CONVERSION = YES;
				CLANG_WARN_OBJC_IMPLICIT_RETAIN_SELF = YES;
				CLANG_WARN_OBJC_LITERAL_CONVERSION = YES;
				CLANG_WARN_OBJC_ROOT_CLASS = YES_ERROR;
				CLANG_WARN_QUOTED_INCLUDE_IN_FRAMEWORK_HEADER = YES;
				CLANG_WARN_RANGE_LOOP_ANALYSIS = YES;
				CLANG_WARN_STRICT_PROTOTYPES = YES;
				CLANG_WARN_SUSPICIOUS_MOVE = YES;
				CLANG_WARN_UNGUARDED_AVAILABILITY = YES_AGGRESSIVE;
				CLANG_WARN_UNREACHABLE_CODE = YES;
				CLANG_WARN__DUPLICATE_METHOD_MATCH = YES;
				COPY_PHASE_STRIP = NO;
				DEBUG_INFORMATION_FORMAT = dwarf;
				ENABLE_STRICT_OBJC_MSGSEND = YES;
				ENABLE_TESTABILITY = YES;
				GCC_C_LANGUAGE_STANDARD = gnu11;
				GCC_DYNAMIC_NO_PIC = NO;
				GCC_NO_COMMON_BLOCKS = YES;
				GCC_OPTIMIZATION_LEVEL = 0;
				GCC_PREPROCESSOR_DEFINITIONS = (
					"DEBUG=1",
					"$(inherited)",
				);
				GCC_WARN_64_TO_32_BIT_CONVERSION = YES;
				GCC_WARN_ABOUT_RETURN_TYPE = YES_ERROR;
				GCC_WARN_UNDECLARED_SELECTOR = YES;
				GCC_WARN_UNINITIALIZED_AUTOS = YES_AGGRESSIVE;
				GCC_WARN_UNUSED_FUNCTION = YES;
				GCC_WARN_UNUSED_VARIABLE = YES;
				MACOSX_DEPLOYMENT_TARGET = 12.5;
				MTL_ENABLE_DEBUG_INFO = INCLUDE_SOURCE;
				MTL_FAST_MATH = YES;
				ONLY_ACTIVE_ARCH = YES;
				SDKROOT = macosx;
				SWIFT_ACTIVE_COMPILATION_CONDITIONS = DEBUG;
				SWIFT_OPTIMIZATION_LEVEL = "-Onone";
			};
			name = Debug;
		};
		49D7B97229684D0800913ADA /* Release */ = {
			isa = XCBuildConfiguration;
			buildSettings = {
				ALWAYS_SEARCH_USER_PATHS = NO;
				CLANG_ANALYZER_NONNULL = YES;
				CLANG_ANALYZER_NUMBER_OBJECT_CONVERSION = YES_AGGRESSIVE;
				CLANG_CXX_LANGUAGE_STANDARD = "gnu++20";
				CLANG_ENABLE_MODULES = YES;
				CLANG_ENABLE_OBJC_ARC = YES;
				CLANG_ENABLE_OBJC_WEAK = YES;
				CLANG_WARN_BLOCK_CAPTURE_AUTORELEASING = YES;
				CLANG_WARN_BOOL_CONVERSION = YES;
				CLANG_WARN_COMMA = YES;
				CLANG_WARN_CONSTANT_CONVERSION = YES;
				CLANG_WARN_DEPRECATED_OBJC_IMPLEMENTATIONS = YES;
				CLANG_WARN_DIRECT_OBJC_ISA_USAGE = YES_ERROR;
				CLANG_WARN_DOCUMENTATION_COMMENTS = YES;
				CLANG_WARN_EMPTY_BODY = YES;
				CLANG_WARN_ENUM_CONVERSION = YES;
				CLANG_WARN_INFINITE_RECURSION = YES;
				CLANG_WARN_INT_CONVERSION = YES;
				CLANG_WARN_NON_LITERAL_NULL_CONVERSION = YES;
				CLANG_WARN_OBJC_IMPLICIT_RETAIN_SELF = YES;
				CLANG_WARN_OBJC_LITERAL_CONVERSION = YES;
				CLANG_WARN_OBJC_ROOT_CLASS = YES_ERROR;
				CLANG_WARN_QUOTED_INCLUDE_IN_FRAMEWORK_HEADER = YES;
				CLANG_WARN_RANGE_LOOP_ANALYSIS = YES;
				CLANG_WARN_STRICT_PROTOTYPES = YES;
				CLANG_WARN_SUSPICIOUS_MOVE = YES;
				CLANG_WARN_UNGUARDED_AVAILABILITY = YES_AGGRESSIVE;
				CLANG_WARN_UNREACHABLE_CODE = YES;
				CLANG_WARN__DUPLICATE_METHOD_MATCH = YES;
				COPY_PHASE_STRIP = NO;
				DEBUG_INFORMATION_FORMAT = "dwarf-with-dsym";
				ENABLE_NS_ASSERTIONS = NO;
				ENABLE_STRICT_OBJC_MSGSEND = YES;
				GCC_C_LANGUAGE_STANDARD = gnu11;
				GCC_NO_COMMON_BLOCKS = YES;
				GCC_WARN_64_TO_32_BIT_CONVERSION = YES;
				GCC_WARN_ABOUT_RETURN_TYPE = YES_ERROR;
				GCC_WARN_UNDECLARED_SELECTOR = YES;
				GCC_WARN_UNINITIALIZED_AUTOS = YES_AGGRESSIVE;
				GCC_WARN_UNUSED_FUNCTION = YES;
				GCC_WARN_UNUSED_VARIABLE = YES;
				MACOSX_DEPLOYMENT_TARGET = 12.5;
				MTL_ENABLE_DEBUG_INFO = NO;
				MTL_FAST_MATH = YES;
				SDKROOT = macosx;
				SWIFT_COMPILATION_MODE = wholemodule;
				SWIFT_OPTIMIZATION_LEVEL = "-O";
			};
			name = Release;
		};
		49D7B97429684D0800913ADA /* Debug */ = {
			isa = XCBuildConfiguration;
			buildSettings = {
				ASSETCATALOG_COMPILER_APPICON_NAME = AppIcon;
				ASSETCATALOG_COMPILER_GLOBAL_ACCENT_COLOR_NAME = AccentColor;
				CODE_SIGN_ENTITLEMENTS = ClipApp/ClipApp.entitlements;
				CODE_SIGN_STYLE = Automatic;
				COMBINE_HIDPI_IMAGES = YES;
				CURRENT_PROJECT_VERSION = 1;
				GENERATE_INFOPLIST_FILE = YES;
				INFOPLIST_KEY_NSHumanReadableCopyright = "";
				INFOPLIST_KEY_NSMainStoryboardFile = Main;
				INFOPLIST_KEY_NSPrincipalClass = NSApplication;
				LD_RUNPATH_SEARCH_PATHS = (
					"$(inherited)",
					"@executable_path/../Frameworks",
				);
				MARKETING_VERSION = 1.0;
				PRODUCT_BUNDLE_IDENTIFIER = haseebamer.todolist;
				PRODUCT_NAME = ClipApp;
				SWIFT_EMIT_LOC_STRINGS = YES;
				SWIFT_VERSION = 5.0;
			};
			name = Debug;
		};
		49D7B97529684D0800913ADA /* Release */ = {
			isa = XCBuildConfiguration;
			buildSettings = {
				ASSETCATALOG_COMPILER_APPICON_NAME = AppIcon;
				ASSETCATALOG_COMPILER_GLOBAL_ACCENT_COLOR_NAME = AccentColor;
				CODE_SIGN_ENTITLEMENTS = ClipApp/ClipApp.entitlements;
				CODE_SIGN_STYLE = Automatic;
				COMBINE_HIDPI_IMAGES = YES;
				CURRENT_PROJECT_VERSION = 1;
				GENERATE_INFOPLIST_FILE = YES;
				INFOPLIST_KEY_NSHumanReadableCopyright = "";
				INFOPLIST_KEY_NSMainStoryboardFile = Main;
				INFOPLIST_KEY_NSPrincipalClass = NSApplication;
				LD_RUNPATH_SEARCH_PATHS = (
					"$(inherited)",
					"@executable_path/../Frameworks",
				);
				MARKETING_VERSION = 1.0;
				PRODUCT_BUNDLE_IDENTIFIER = haseebamer.todolist;
				PRODUCT_NAME = ClipApp;
				SWIFT_EMIT_LOC_STRINGS = YES;
				SWIFT_VERSION = 5.0;
			};
			name = Release;
		};
/* End XCBuildConfiguration section */

/* Begin XCConfigurationList section */
		49D7B95C29684D0600913ADA /* Build configuration list for PBXProject "ClipApp" */ = {
			isa = XCConfigurationList;
			buildConfigurations = (
				49D7B97129684D0800913ADA /* Debug */,
				49D7B97229684D0800913ADA /* Release */,
			);
			defaultConfigurationIsVisible = 0;
			defaultConfigurationName = Release;
		};
		49D7B97329684D0800913ADA /* Build configuration list for PBXNativeTarget "ClipApp" */ = {
			isa = XCConfigurationList;
			buildConfigurations = (
				49D7B97429684D0800913ADA /* Debug */,
				49D7B97529684D0800913ADA /* Release */,
			);
			defaultConfigurationIsVisible = 0;
			defaultConfigurationName = Release;
		};
/* End XCConfigurationList section */

/* Begin XCRemoteSwiftPackageReference section */
		4905E41D2986756000CC2B91 /* XCRemoteSwiftPackageReference "firebase-ios-sdk" */ = {
			isa = XCRemoteSwiftPackageReference;
			repositoryURL = "https://github.com/firebase/firebase-ios-sdk.git";
			requirement = {
				kind = upToNextMajorVersion;
				minimumVersion = 9.0.0;
			};
		};
/* End XCRemoteSwiftPackageReference section */

/* Begin XCSwiftPackageProductDependency section */
		4905E41E2986756000CC2B91 /* FirebaseAuth */ = {
			isa = XCSwiftPackageProductDependency;
			package = 4905E41D2986756000CC2B91 /* XCRemoteSwiftPackageReference "firebase-ios-sdk" */;
			productName = FirebaseAuth;
		};
		4905E4202986756000CC2B91 /* FirebaseFirestore */ = {
			isa = XCSwiftPackageProductDependency;
			package = 4905E41D2986756000CC2B91 /* XCRemoteSwiftPackageReference "firebase-ios-sdk" */;
			productName = FirebaseFirestore;
		};
/* End XCSwiftPackageProductDependency section */
	};
	rootObject = 49D7B95929684D0600913ADA /* Project object */;
}
